// !$*UTF8*$!
{
	archiveVersion = 1;
	classes = {
	};
	objectVersion = 50;
	objects = {

/* Begin PBXBuildFile section */
		848D643C9BE9269128D19654 /* Pods_stepsTest.framework in Frameworks */ = {isa = PBXBuildFile; fileRef = AEC27F421AC8F250051320D8 /* Pods_stepsTest.framework */; };
		CEECB2DF258FF1DA00A9B6D5 /* AppDelegate.swift in Sources */ = {isa = PBXBuildFile; fileRef = CEECB2DE258FF1DA00A9B6D5 /* AppDelegate.swift */; };
		CEECB2E1258FF1DA00A9B6D5 /* SceneDelegate.swift in Sources */ = {isa = PBXBuildFile; fileRef = CEECB2E0258FF1DA00A9B6D5 /* SceneDelegate.swift */; };
		CEECB2E3258FF1DA00A9B6D5 /* ViewController.swift in Sources */ = {isa = PBXBuildFile; fileRef = CEECB2E2258FF1DA00A9B6D5 /* ViewController.swift */; };
		CEECB2E6258FF1DA00A9B6D5 /* Main.storyboard in Resources */ = {isa = PBXBuildFile; fileRef = CEECB2E4258FF1DA00A9B6D5 /* Main.storyboard */; };
		CEECB2E8258FF1DC00A9B6D5 /* Assets.xcassets in Resources */ = {isa = PBXBuildFile; fileRef = CEECB2E7258FF1DC00A9B6D5 /* Assets.xcassets */; };
		CEECB2EB258FF1DC00A9B6D5 /* LaunchScreen.storyboard in Resources */ = {isa = PBXBuildFile; fileRef = CEECB2E9258FF1DC00A9B6D5 /* LaunchScreen.storyboard */; };
		CEECB2F6258FF1EE00A9B6D5 /* HealthKit.framework in Frameworks */ = {isa = PBXBuildFile; fileRef = CEECB2F5258FF1EE00A9B6D5 /* HealthKit.framework */; };
/* End PBXBuildFile section */

/* Begin PBXFileReference section */
		79E574F3F92FAD119CAF4290 /* Pods-stepsTest.release.xcconfig */ = {isa = PBXFileReference; includeInIndex = 1; lastKnownFileType = text.xcconfig; name = "Pods-stepsTest.release.xcconfig"; path = "Target Support Files/Pods-stepsTest/Pods-stepsTest.release.xcconfig"; sourceTree = "<group>"; };
		AEC27F421AC8F250051320D8 /* Pods_stepsTest.framework */ = {isa = PBXFileReference; explicitFileType = wrapper.framework; includeInIndex = 0; path = Pods_stepsTest.framework; sourceTree = BUILT_PRODUCTS_DIR; };
		C92C07AABD3DFBCB1633EB68 /* Pods-stepsTest.debug.xcconfig */ = {isa = PBXFileReference; includeInIndex = 1; lastKnownFileType = text.xcconfig; name = "Pods-stepsTest.debug.xcconfig"; path = "Target Support Files/Pods-stepsTest/Pods-stepsTest.debug.xcconfig"; sourceTree = "<group>"; };
		CEECB2DB258FF1DA00A9B6D5 /* stepsTest.app */ = {isa = PBXFileReference; explicitFileType = wrapper.application; includeInIndex = 0; path = stepsTest.app; sourceTree = BUILT_PRODUCTS_DIR; };
		CEECB2DE258FF1DA00A9B6D5 /* AppDelegate.swift */ = {isa = PBXFileReference; lastKnownFileType = sourcecode.swift; path = AppDelegate.swift; sourceTree = "<group>"; };
		CEECB2E0258FF1DA00A9B6D5 /* SceneDelegate.swift */ = {isa = PBXFileReference; lastKnownFileType = sourcecode.swift; path = SceneDelegate.swift; sourceTree = "<group>"; };
		CEECB2E2258FF1DA00A9B6D5 /* ViewController.swift */ = {isa = PBXFileReference; lastKnownFileType = sourcecode.swift; path = ViewController.swift; sourceTree = "<group>"; };
		CEECB2E5258FF1DA00A9B6D5 /* Base */ = {isa = PBXFileReference; lastKnownFileType = file.storyboard; name = Base; path = Base.lproj/Main.storyboard; sourceTree = "<group>"; };
		CEECB2E7258FF1DC00A9B6D5 /* Assets.xcassets */ = {isa = PBXFileReference; lastKnownFileType = folder.assetcatalog; path = Assets.xcassets; sourceTree = "<group>"; };
		CEECB2EA258FF1DC00A9B6D5 /* Base */ = {isa = PBXFileReference; lastKnownFileType = file.storyboard; name = Base; path = Base.lproj/LaunchScreen.storyboard; sourceTree = "<group>"; };
		CEECB2EC258FF1DC00A9B6D5 /* Info.plist */ = {isa = PBXFileReference; lastKnownFileType = text.plist.xml; path = Info.plist; sourceTree = "<group>"; };
		CEECB2F3258FF1EE00A9B6D5 /* stepsTest.entitlements */ = {isa = PBXFileReference; lastKnownFileType = text.plist.entitlements; path = stepsTest.entitlements; sourceTree = "<group>"; };
		CEECB2F5258FF1EE00A9B6D5 /* HealthKit.framework */ = {isa = PBXFileReference; lastKnownFileType = wrapper.framework; name = HealthKit.framework; path = System/Library/Frameworks/HealthKit.framework; sourceTree = SDKROOT; };
/* End PBXFileReference section */

/* Begin PBXFrameworksBuildPhase section */
		CEECB2D8258FF1DA00A9B6D5 /* Frameworks */ = {
			isa = PBXFrameworksBuildPhase;
			buildActionMask = 2147483647;
			files = (
				CEECB2F6258FF1EE00A9B6D5 /* HealthKit.framework in Frameworks */,
				848D643C9BE9269128D19654 /* Pods_stepsTest.framework in Frameworks */,
			);
			runOnlyForDeploymentPostprocessing = 0;
		};
/* End PBXFrameworksBuildPhase section */

/* Begin PBXGroup section */
		4D3C715E8F082E4AD054B049 /* Pods */ = {
			isa = PBXGroup;
			children = (
				C92C07AABD3DFBCB1633EB68 /* Pods-stepsTest.debug.xcconfig */,
				79E574F3F92FAD119CAF4290 /* Pods-stepsTest.release.xcconfig */,
			);
			name = Pods;
			path = Pods;
			sourceTree = "<group>";
		};
		CEECB2D2258FF1DA00A9B6D5 = {
			isa = PBXGroup;
			children = (
				CEECB2DD258FF1DA00A9B6D5 /* stepsTest */,
				CEECB2DC258FF1DA00A9B6D5 /* Products */,
				CEECB2F4258FF1EE00A9B6D5 /* Frameworks */,
				4D3C715E8F082E4AD054B049 /* Pods */,
			);
			sourceTree = "<group>";
		};
		CEECB2DC258FF1DA00A9B6D5 /* Products */ = {
			isa = PBXGroup;
			children = (
				CEECB2DB258FF1DA00A9B6D5 /* stepsTest.app */,
			);
			name = Products;
			sourceTree = "<group>";
		};
		CEECB2DD258FF1DA00A9B6D5 /* stepsTest */ = {
			isa = PBXGroup;
			children = (
				CEECB2F3258FF1EE00A9B6D5 /* stepsTest.entitlements */,
				CEECB2DE258FF1DA00A9B6D5 /* AppDelegate.swift */,
				CEECB2E0258FF1DA00A9B6D5 /* SceneDelegate.swift */,
				CEECB2E2258FF1DA00A9B6D5 /* ViewController.swift */,
				CEECB2E4258FF1DA00A9B6D5 /* Main.storyboard */,
				CEECB2E7258FF1DC00A9B6D5 /* Assets.xcassets */,
				CEECB2E9258FF1DC00A9B6D5 /* LaunchScreen.storyboard */,
				CEECB2EC258FF1DC00A9B6D5 /* Info.plist */,
			);
			path = stepsTest;
			sourceTree = "<group>";
		};
		CEECB2F4258FF1EE00A9B6D5 /* Frameworks */ = {
			isa = PBXGroup;
			children = (
				CEECB2F5258FF1EE00A9B6D5 /* HealthKit.framework */,
				AEC27F421AC8F250051320D8 /* Pods_stepsTest.framework */,
			);
			name = Frameworks;
			sourceTree = "<group>";
		};
/* End PBXGroup section */

/* Begin PBXNativeTarget section */
		CEECB2DA258FF1DA00A9B6D5 /* stepsTest */ = {
			isa = PBXNativeTarget;
			buildConfigurationList = CEECB2EF258FF1DC00A9B6D5 /* Build configuration list for PBXNativeTarget "stepsTest" */;
			buildPhases = (
				D0F113753F862506984B9041 /* [CP] Check Pods Manifest.lock */,
				CEECB2D7258FF1DA00A9B6D5 /* Sources */,
				CEECB2D8258FF1DA00A9B6D5 /* Frameworks */,
				CEECB2D9258FF1DA00A9B6D5 /* Resources */,
				B8AFFB326E008C3BA7D107FC /* [CP] Embed Pods Frameworks */,
			);
			buildRules = (
			);
			dependencies = (
			);
			name = stepsTest;
			productName = stepsTest;
			productReference = CEECB2DB258FF1DA00A9B6D5 /* stepsTest.app */;
			productType = "com.apple.product-type.application";
		};
/* End PBXNativeTarget section */

/* Begin PBXProject section */
		CEECB2D3258FF1DA00A9B6D5 /* Project object */ = {
			isa = PBXProject;
			attributes = {
				LastSwiftUpdateCheck = 1220;
				LastUpgradeCheck = 1220;
				TargetAttributes = {
					CEECB2DA258FF1DA00A9B6D5 = {
						CreatedOnToolsVersion = 12.2;
					};
				};
			};
			buildConfigurationList = CEECB2D6258FF1DA00A9B6D5 /* Build configuration list for PBXProject "stepsTest" */;
			compatibilityVersion = "Xcode 9.3";
			developmentRegion = en;
			hasScannedForEncodings = 0;
			knownRegions = (
				en,
				Base,
			);
			mainGroup = CEECB2D2258FF1DA00A9B6D5;
			productRefGroup = CEECB2DC258FF1DA00A9B6D5 /* Products */;
			projectDirPath = "";
			projectRoot = "";
			targets = (
				CEECB2DA258FF1DA00A9B6D5 /* stepsTest */,
			);
		};
/* End PBXProject section */

/* Begin PBXResourcesBuildPhase section */
		CEECB2D9258FF1DA00A9B6D5 /* Resources */ = {
			isa = PBXResourcesBuildPhase;
			buildActionMask = 2147483647;
			files = (
				CEECB2EB258FF1DC00A9B6D5 /* LaunchScreen.storyboard in Resources */,
				CEECB2E8258FF1DC00A9B6D5 /* Assets.xcassets in Resources */,
				CEECB2E6258FF1DA00A9B6D5 /* Main.storyboard in Resources */,
			);
			runOnlyForDeploymentPostprocessing = 0;
		};
/* End PBXResourcesBuildPhase section */

/* Begin PBXShellScriptBuildPhase section */
		B8AFFB326E008C3BA7D107FC /* [CP] Embed Pods Frameworks */ = {
			isa = PBXShellScriptBuildPhase;
			buildActionMask = 2147483647;
			files = (
			);
			inputFileListPaths = (
				"${PODS_ROOT}/Target Support Files/Pods-stepsTest/Pods-stepsTest-frameworks-${CONFIGURATION}-input-files.xcfilelist",
			);
			name = "[CP] Embed Pods Frameworks";
			outputFileListPaths = (
				"${PODS_ROOT}/Target Support Files/Pods-stepsTest/Pods-stepsTest-frameworks-${CONFIGURATION}-output-files.xcfilelist",
			);
			runOnlyForDeploymentPostprocessing = 0;
			shellPath = /bin/sh;
			shellScript = "\"${PODS_ROOT}/Target Support Files/Pods-stepsTest/Pods-stepsTest-frameworks.sh\"\n";
			showEnvVarsInLog = 0;
		};
		D0F113753F862506984B9041 /* [CP] Check Pods Manifest.lock */ = {
			isa = PBXShellScriptBuildPhase;
			buildActionMask = 2147483647;
			files = (
			);
			inputFileListPaths = (
			);
			inputPaths = (
				"${PODS_PODFILE_DIR_PATH}/Podfile.lock",
				"${PODS_ROOT}/Manifest.lock",
			);
			name = "[CP] Check Pods Manifest.lock";
			outputFileListPaths = (
			);
			outputPaths = (
				"$(DERIVED_FILE_DIR)/Pods-stepsTest-checkManifestLockResult.txt",
			);
			runOnlyForDeploymentPostprocessing = 0;
			shellPath = /bin/sh;
			shellScript = "diff \"${PODS_PODFILE_DIR_PATH}/Podfile.lock\" \"${PODS_ROOT}/Manifest.lock\" > /dev/null\nif [ $? != 0 ] ; then\n    # print error to STDERR\n    echo \"error: The sandbox is not in sync with the Podfile.lock. Run 'pod install' or update your CocoaPods installation.\" >&2\n    exit 1\nfi\n# This output is used by Xcode 'outputs' to avoid re-running this script phase.\necho \"SUCCESS\" > \"${SCRIPT_OUTPUT_FILE_0}\"\n";
			showEnvVarsInLog = 0;
		};
/* End PBXShellScriptBuildPhase section */

/* Begin PBXSourcesBuildPhase section */
		CEECB2D7258FF1DA00A9B6D5 /* Sources */ = {
			isa = PBXSourcesBuildPhase;
			buildActionMask = 2147483647;
			files = (
				CEECB2E3258FF1DA00A9B6D5 /* ViewController.swift in Sources */,
				CEECB2DF258FF1DA00A9B6D5 /* AppDelegate.swift in Sources */,
				CEECB2E1258FF1DA00A9B6D5 /* SceneDelegate.swift in Sources */,
			);
			runOnlyForDeploymentPostprocessing = 0;
		};
/* End PBXSourcesBuildPhase section */

/* Begin PBXVariantGroup section */
		CEECB2E4258FF1DA00A9B6D5 /* Main.storyboard */ = {
			isa = PBXVariantGroup;
			children = (
				CEECB2E5258FF1DA00A9B6D5 /* Base */,
			);
			name = Main.storyboard;
			sourceTree = "<group>";
		};
		CEECB2E9258FF1DC00A9B6D5 /* LaunchScreen.storyboard */ = {
			isa = PBXVariantGroup;
			children = (
				CEECB2EA258FF1DC00A9B6D5 /* Base */,
			);
			name = LaunchScreen.storyboard;
			sourceTree = "<group>";
		};
/* End PBXVariantGroup section */

/* Begin XCBuildConfiguration section */
		CEECB2ED258FF1DC00A9B6D5 /* Debug */ = {
			isa = XCBuildConfiguration;
			buildSettings = {
				ALWAYS_SEARCH_USER_PATHS = NO;
				CLANG_ANALYZER_NONNULL = YES;
				CLANG_ANALYZER_NUMBER_OBJECT_CONVERSION = YES_AGGRESSIVE;
				CLANG_CXX_LANGUAGE_STANDARD = "gnu++14";
				CLANG_CXX_LIBRARY = "libc++";
				CLANG_ENABLE_MODULES = YES;
				CLANG_ENABLE_OBJC_ARC = YES;
				CLANG_ENABLE_OBJC_WEAK = YES;
				CLANG_WARN_BLOCK_CAPTURE_AUTORELEASING = YES;
				CLANG_WARN_BOOL_CONVERSION = YES;
				CLANG_WARN_COMMA = YES;
				CLANG_WARN_CONSTANT_CONVERSION = YES;
				CLANG_WARN_DEPRECATED_OBJC_IMPLEMENTATIONS = YES;
				CLANG_WARN_DIRECT_OBJC_ISA_USAGE = YES_ERROR;
				CLANG_WARN_DOCUMENTATION_COMMENTS = YES;
				CLANG_WARN_EMPTY_BODY = YES;
				CLANG_WARN_ENUM_CONVERSION = YES;
				CLANG_WARN_INFINITE_RECURSION = YES;
				CLANG_WARN_INT_CONVERSION = YES;
				CLANG_WARN_NON_LITERAL_NULL_CONVERSION = YES;
				CLANG_WARN_OBJC_IMPLICIT_RETAIN_SELF = YES;
				CLANG_WARN_OBJC_LITERAL_CONVERSION = YES;
				CLANG_WARN_OBJC_ROOT_CLASS = YES_ERROR;
				CLANG_WARN_QUOTED_INCLUDE_IN_FRAMEWORK_HEADER = YES;
				CLANG_WARN_RANGE_LOOP_ANALYSIS = YES;
				CLANG_WARN_STRICT_PROTOTYPES = YES;
				CLANG_WARN_SUSPICIOUS_MOVE = YES;
				CLANG_WARN_UNGUARDED_AVAILABILITY = YES_AGGRESSIVE;
				CLANG_WARN_UNREACHABLE_CODE = YES;
				CLANG_WARN__DUPLICATE_METHOD_MATCH = YES;
				COPY_PHASE_STRIP = NO;
				DEBUG_INFORMATION_FORMAT = dwarf;
				ENABLE_STRICT_OBJC_MSGSEND = YES;
				ENABLE_TESTABILITY = YES;
				GCC_C_LANGUAGE_STANDARD = gnu11;
				GCC_DYNAMIC_NO_PIC = NO;
				GCC_NO_COMMON_BLOCKS = YES;
				GCC_OPTIMIZATION_LEVEL = 0;
				GCC_PREPROCESSOR_DEFINITIONS = (
					"DEBUG=1",
					"$(inherited)",
				);
				GCC_WARN_64_TO_32_BIT_CONVERSION = YES;
				GCC_WARN_ABOUT_RETURN_TYPE = YES_ERROR;
				GCC_WARN_UNDECLARED_SELECTOR = YES;
				GCC_WARN_UNINITIALIZED_AUTOS = YES_AGGRESSIVE;
				GCC_WARN_UNUSED_FUNCTION = YES;
				GCC_WARN_UNUSED_VARIABLE = YES;
				IPHONEOS_DEPLOYMENT_TARGET = 14.2;
				MTL_ENABLE_DEBUG_INFO = INCLUDE_SOURCE;
				MTL_FAST_MATH = YES;
				ONLY_ACTIVE_ARCH = YES;
				SDKROOT = iphoneos;
				SWIFT_ACTIVE_COMPILATION_CONDITIONS = DEBUG;
				SWIFT_OPTIMIZATION_LEVEL = "-Onone";
			};
			name = Debug;
		};
		CEECB2EE258FF1DC00A9B6D5 /* Release */ = {
			isa = XCBuildConfiguration;
			buildSettings = {
				ALWAYS_SEARCH_USER_PATHS = NO;
				CLANG_ANALYZER_NONNULL = YES;
				CLANG_ANALYZER_NUMBER_OBJECT_CONVERSION = YES_AGGRESSIVE;
				CLANG_CXX_LANGUAGE_STANDARD = "gnu++14";
				CLANG_CXX_LIBRARY = "libc++";
				CLANG_ENABLE_MODULES = YES;
				CLANG_ENABLE_OBJC_ARC = YES;
				CLANG_ENABLE_OBJC_WEAK = YES;
				CLANG_WARN_BLOCK_CAPTURE_AUTORELEASING = YES;
				CLANG_WARN_BOOL_CONVERSION = YES;
				CLANG_WARN_COMMA = YES;
				CLANG_WARN_CONSTANT_CONVERSION = YES;
				CLANG_WARN_DEPRECATED_OBJC_IMPLEMENTATIONS = YES;
				CLANG_WARN_DIRECT_OBJC_ISA_USAGE = YES_ERROR;
				CLANG_WARN_DOCUMENTATION_COMMENTS = YES;
				CLANG_WARN_EMPTY_BODY = YES;
				CLANG_WARN_ENUM_CONVERSION = YES;
				CLANG_WARN_INFINITE_RECURSION = YES;
				CLANG_WARN_INT_CONVERSION = YES;
				CLANG_WARN_NON_LITERAL_NULL_CONVERSION = YES;
				CLANG_WARN_OBJC_IMPLICIT_RETAIN_SELF = YES;
				CLANG_WARN_OBJC_LITERAL_CONVERSION = YES;
				CLANG_WARN_OBJC_ROOT_CLASS = YES_ERROR;
				CLANG_WARN_QUOTED_INCLUDE_IN_FRAMEWORK_HEADER = YES;
				CLANG_WARN_RANGE_LOOP_ANALYSIS = YES;
				CLANG_WARN_STRICT_PROTOTYPES = YES;
				CLANG_WARN_SUSPICIOUS_MOVE = YES;
				CLANG_WARN_UNGUARDED_AVAILABILITY = YES_AGGRESSIVE;
				CLANG_WARN_UNREACHABLE_CODE = YES;
				CLANG_WARN__DUPLICATE_METHOD_MATCH = YES;
				COPY_PHASE_STRIP = NO;
				DEBUG_INFORMATION_FORMAT = "dwarf-with-dsym";
				ENABLE_NS_ASSERTIONS = NO;
				ENABLE_STRICT_OBJC_MSGSEND = YES;
				GCC_C_LANGUAGE_STANDARD = gnu11;
				GCC_NO_COMMON_BLOCKS = YES;
				GCC_WARN_64_TO_32_BIT_CONVERSION = YES;
				GCC_WARN_ABOUT_RETURN_TYPE = YES_ERROR;
				GCC_WARN_UNDECLARED_SELECTOR = YES;
				GCC_WARN_UNINITIALIZED_AUTOS = YES_AGGRESSIVE;
				GCC_WARN_UNUSED_FUNCTION = YES;
				GCC_WARN_UNUSED_VARIABLE = YES;
				IPHONEOS_DEPLOYMENT_TARGET = 14.2;
				MTL_ENABLE_DEBUG_INFO = NO;
				MTL_FAST_MATH = YES;
				SDKROOT = iphoneos;
				SWIFT_COMPILATION_MODE = wholemodule;
				SWIFT_OPTIMIZATION_LEVEL = "-O";
				VALIDATE_PRODUCT = YES;
			};
			name = Release;
		};
		CEECB2F0258FF1DC00A9B6D5 /* Debug */ = {
			isa = XCBuildConfiguration;
			baseConfigurationReference = C92C07AABD3DFBCB1633EB68 /* Pods-stepsTest.debug.xcconfig */;
			buildSettings = {
				ASSETCATALOG_COMPILER_APPICON_NAME = AppIcon;
				ASSETCATALOG_COMPILER_GLOBAL_ACCENT_COLOR_NAME = AccentColor;
				CODE_SIGN_ENTITLEMENTS = stepsTest/stepsTest.entitlements;
				CODE_SIGN_STYLE = Automatic;
				DEVELOPMENT_TEAM = 59T7F8V96F;
				INFOPLIST_FILE = stepsTest/Info.plist;
				LD_RUNPATH_SEARCH_PATHS = (
					"$(inherited)",
					"@executable_path/Frameworks",
				);
				PRODUCT_BUNDLE_IDENTIFIER = co.testBundle123456.stepsTest;
				PRODUCT_NAME = "$(TARGET_NAME)";
				SWIFT_VERSION = 5.0;
				TARGETED_DEVICE_FAMILY = "1,2";
			};
			name = Debug;
		};
		CEECB2F1258FF1DC00A9B6D5 /* Release */ = {
			isa = XCBuildConfiguration;
			baseConfigurationReference = 79E574F3F92FAD119CAF4290 /* Pods-stepsTest.release.xcconfig */;
			buildSettings = {
				ASSETCATALOG_COMPILER_APPICON_NAME = AppIcon;
				ASSETCATALOG_COMPILER_GLOBAL_ACCENT_COLOR_NAME = AccentColor;
				CODE_SIGN_ENTITLEMENTS = stepsTest/stepsTest.entitlements;
				CODE_SIGN_STYLE = Automatic;
				DEVELOPMENT_TEAM = 59T7F8V96F;
				INFOPLIST_FILE = stepsTest/Info.plist;
				LD_RUNPATH_SEARCH_PATHS = (
					"$(inherited)",
					"@executable_path/Frameworks",
				);
				PRODUCT_BUNDLE_IDENTIFIER = co.testBundle123456.stepsTest;
				PRODUCT_NAME = "$(TARGET_NAME)";
				SWIFT_VERSION = 5.0;
				TARGETED_DEVICE_FAMILY = "1,2";
			};
			name = Release;
		};
/* End XCBuildConfiguration section */

/* Begin XCConfigurationList section */
		CEECB2D6258FF1DA00A9B6D5 /* Build configuration list for PBXProject "stepsTest" */ = {
			isa = XCConfigurationList;
			buildConfigurations = (
				CEECB2ED258FF1DC00A9B6D5 /* Debug */,
				CEECB2EE258FF1DC00A9B6D5 /* Release */,
			);
			defaultConfigurationIsVisible = 0;
			defaultConfigurationName = Release;
		};
		CEECB2EF258FF1DC00A9B6D5 /* Build configuration list for PBXNativeTarget "stepsTest" */ = {
			isa = XCConfigurationList;
			buildConfigurations = (
				CEECB2F0258FF1DC00A9B6D5 /* Debug */,
				CEECB2F1258FF1DC00A9B6D5 /* Release */,
			);
			defaultConfigurationIsVisible = 0;
			defaultConfigurationName = Release;
		};
/* End XCConfigurationList section */
	};
	rootObject = CEECB2D3258FF1DA00A9B6D5 /* Project object */;
}
